
Microsoft Visual Studio Solution File, Format Version 12.00
# Visual Studio Version 16
VisualStudioVersion = 16.0.31624.102
MinimumVisualStudioVersion = 10.0.40219.1
Project("{FAE04EC0-301F-11D3-BF4B-00C04F79EFBC}") = "Sistema_de_locadora", "Sistema_de_locadora\Sistema_de_locadora.csproj", "{64F8FD96-AF72-4095-A9B4-03F1923A8DAB}"
EndProject
Global
	GlobalSection(SolutionConfigurationPlatforms) = preSolution
		Debug|Any CPU = Debug|Any CPU
		Release|Any CPU = Release|Any CPU
	EndGlobalSection
	GlobalSection(ProjectConfigurationPlatforms) = postSolution
		{64F8FD96-AF72-4095-A9B4-03F1923A8DAB}.Debug|Any CPU.ActiveCfg = Debug|Any CPU
		{64F8FD96-AF72-4095-A9B4-03F1923A8DAB}.Debug|Any CPU.Build.0 = Debug|Any CPU
		{64F8FD96-AF72-4095-A9B4-03F1923A8DAB}.Release|Any CPU.ActiveCfg = Release|Any CPU
		{64F8FD96-AF72-4095-A9B4-03F1923A8DAB}.Release|Any CPU.Build.0 = Release|Any CPU
	EndGlobalSection
	GlobalSection(SolutionProperties) = preSolution
		HideSolutionNode = FALSE
	EndGlobalSection
	GlobalSection(ExtensibilityGlobals) = postSolution
		SolutionGuid = {813A0EBC-EF5C-4386-B563-5E64127522A9}
	EndGlobalSection
EndGlobal
